
Microsoft Visual Studio Solution File, Format Version 12.00
# Visual Studio Version 17
VisualStudioVersion = 17.5.33530.505
MinimumVisualStudioVersion = 10.0.40219.1
Project("{FAE04EC0-301F-11D3-BF4B-00C04F79EFBC}") = "Interface_Dependency_Injection", "Interface_Dependency_Injection.csproj", "{52E89281-ECE2-4311-9705-A84C620AC96F}"
EndProject
Global
	GlobalSection(SolutionConfigurationPlatforms) = preSolution
		Debug|Any CPU = Debug|Any CPU
		Release|Any CPU = Release|Any CPU
	EndGlobalSection
	GlobalSection(ProjectConfigurationPlatforms) = postSolution
		{52E89281-ECE2-4311-9705-A84C620AC96F}.Debug|Any CPU.ActiveCfg = Debug|Any CPU
		{52E89281-ECE2-4311-9705-A84C620AC96F}.Debug|Any CPU.Build.0 = Debug|Any CPU
		{52E89281-ECE2-4311-9705-A84C620AC96F}.Release|Any CPU.ActiveCfg = Release|Any CPU
		{52E89281-ECE2-4311-9705-A84C620AC96F}.Release|Any CPU.Build.0 = Release|Any CPU
	EndGlobalSection
	GlobalSection(SolutionProperties) = preSolution
		HideSolutionNode = FALSE
	EndGlobalSection
	GlobalSection(ExtensibilityGlobals) = postSolution
		SolutionGuid = {36E87696-73AB-4007-A588-BCC785294B0F}
	EndGlobalSection
EndGlobal
